
Microsoft Visual Studio Solution File, Format Version 12.00
# Visual Studio 15
VisualStudioVersion = 15.0.27703.2000
MinimumVisualStudioVersion = 10.0.40219.1
Project("{FAE04EC0-301F-11D3-BF4B-00C04F79EFBC}") = "de.fearvel.net", "de.fearvel.net\de.fearvel.net.csproj", "{BD76BFB9-78DE-4D66-80FA-97EC0F86B5A9}"
EndProject
Project("{FAE04EC0-301F-11D3-BF4B-00C04F79EFBC}") = "WpfTester", "WpfTester\WpfTester.csproj", "{66E3AE59-0E78-4893-89E1-8A1494AA4141}"
EndProject
Project("{2150E333-8FDC-42A3-9474-1A3956D46DE8}") = "Tester", "Tester", "{A9683FCE-BAE4-4B29-916D-2F0CE500F9AB}"
EndProject
Project("{FAE04EC0-301F-11D3-BF4B-00C04F79EFBC}") = "ConsoleLogTest", "ConsoleLogTest\ConsoleLogTest.csproj", "{54530346-EEBD-4D10-833C-2DDDE493CC19}"
EndProject
Global
	GlobalSection(SolutionConfigurationPlatforms) = preSolution
		Debug|Any CPU = Debug|Any CPU
		Release|Any CPU = Release|Any CPU
	EndGlobalSection
	GlobalSection(ProjectConfigurationPlatforms) = postSolution
		{BD76BFB9-78DE-4D66-80FA-97EC0F86B5A9}.Debug|Any CPU.ActiveCfg = Debug|Any CPU
		{BD76BFB9-78DE-4D66-80FA-97EC0F86B5A9}.Debug|Any CPU.Build.0 = Debug|Any CPU
		{BD76BFB9-78DE-4D66-80FA-97EC0F86B5A9}.Release|Any CPU.ActiveCfg = Release|Any CPU
		{BD76BFB9-78DE-4D66-80FA-97EC0F86B5A9}.Release|Any CPU.Build.0 = Release|Any CPU
		{66E3AE59-0E78-4893-89E1-8A1494AA4141}.Debug|Any CPU.ActiveCfg = Debug|Any CPU
		{66E3AE59-0E78-4893-89E1-8A1494AA4141}.Debug|Any CPU.Build.0 = Debug|Any CPU
		{66E3AE59-0E78-4893-89E1-8A1494AA4141}.Release|Any CPU.ActiveCfg = Release|Any CPU
		{66E3AE59-0E78-4893-89E1-8A1494AA4141}.Release|Any CPU.Build.0 = Release|Any CPU
		{54530346-EEBD-4D10-833C-2DDDE493CC19}.Debug|Any CPU.ActiveCfg = Debug|Any CPU
		{54530346-EEBD-4D10-833C-2DDDE493CC19}.Debug|Any CPU.Build.0 = Debug|Any CPU
		{54530346-EEBD-4D10-833C-2DDDE493CC19}.Release|Any CPU.ActiveCfg = Release|Any CPU
		{54530346-EEBD-4D10-833C-2DDDE493CC19}.Release|Any CPU.Build.0 = Release|Any CPU
	EndGlobalSection
	GlobalSection(SolutionProperties) = preSolution
		HideSolutionNode = FALSE
	EndGlobalSection
	GlobalSection(NestedProjects) = preSolution
		{66E3AE59-0E78-4893-89E1-8A1494AA4141} = {A9683FCE-BAE4-4B29-916D-2F0CE500F9AB}
		{54530346-EEBD-4D10-833C-2DDDE493CC19} = {A9683FCE-BAE4-4B29-916D-2F0CE500F9AB}
	EndGlobalSection
	GlobalSection(ExtensibilityGlobals) = postSolution
		SolutionGuid = {1783086E-A0C6-455D-A5C1-6A3DDBF9C349}
	EndGlobalSection
EndGlobal
